
Microsoft Visual Studio Solution File, Format Version 12.00
# Visual Studio Version 16
VisualStudioVersion = 16.0.31515.178
MinimumVisualStudioVersion = 10.0.40219.1
Project("{FAE04EC0-301F-11D3-BF4B-00C04F79EFBC}") = "Work Form", "Work Form\Work Form.csproj", "{80ED8821-ECF1-4AE7-A0B8-7752056BC87E}"
EndProject
Global
	GlobalSection(SolutionConfigurationPlatforms) = preSolution
		Debug|Any CPU = Debug|Any CPU
		Release|Any CPU = Release|Any CPU
	EndGlobalSection
	GlobalSection(ProjectConfigurationPlatforms) = postSolution
		{80ED8821-ECF1-4AE7-A0B8-7752056BC87E}.Debug|Any CPU.ActiveCfg = Debug|Any CPU
		{80ED8821-ECF1-4AE7-A0B8-7752056BC87E}.Debug|Any CPU.Build.0 = Debug|Any CPU
		{80ED8821-ECF1-4AE7-A0B8-7752056BC87E}.Release|Any CPU.ActiveCfg = Release|Any CPU
		{80ED8821-ECF1-4AE7-A0B8-7752056BC87E}.Release|Any CPU.Build.0 = Release|Any CPU
	EndGlobalSection
	GlobalSection(SolutionProperties) = preSolution
		HideSolutionNode = FALSE
	EndGlobalSection
	GlobalSection(ExtensibilityGlobals) = postSolution
		SolutionGuid = {85B31478-896D-43B7-B3A8-0B854A74D7CE}
	EndGlobalSection
EndGlobal
